
Microsoft Visual Studio Solution File, Format Version 12.00
# Visual Studio Version 16
VisualStudioVersion = 16.0.29806.167
MinimumVisualStudioVersion = 10.0.40219.1
Project("{2150E333-8FDC-42A3-9474-1A3956D46DE8}") = "src", "src", "{B6402C0A-30B8-416B-AE9B-480CC49FF934}"
EndProject
Project("{2150E333-8FDC-42A3-9474-1A3956D46DE8}") = "test", "test", "{287AD2CE-1032-4D8B-BD1D-364579282408}"
EndProject
Project("{2150E333-8FDC-42A3-9474-1A3956D46DE8}") = "0 - Presentation", "0 - Presentation", "{45B778C2-5547-4E1B-8D6A-5EB903D72DA7}"
EndProject
Project("{2150E333-8FDC-42A3-9474-1A3956D46DE8}") = "2 - Domain", "2 - Domain", "{197AA951-FA05-42B5-86DF-E141441B76D2}"
EndProject
Project("{2150E333-8FDC-42A3-9474-1A3956D46DE8}") = "1 - Application", "1 - Application", "{7641EB8A-488C-4B4A-9B0B-256BA3FFCE49}"
EndProject
Project("{2150E333-8FDC-42A3-9474-1A3956D46DE8}") = "3 - EntityFramework", "3 - EntityFramework", "{E447AEA0-B5CB-4177-A9D8-7BA12377971B}"
EndProject
Project("{9A19103F-16F7-4668-BE54-9A1E7A4F7556}") = "EONET.Web.Host", "EONET.Web.Host\EONET.Web.Host.csproj", "{AC6F5DE0-7EC6-4FDF-AC51-D47564B41A23}"
EndProject
Project("{9A19103F-16F7-4668-BE54-9A1E7A4F7556}") = "EONET.Web.Core", "EONET.Web.Core\EONET.Web.Core.csproj", "{64CB8810-031C-4DE9-B866-D3D1EC4F0E0D}"
EndProject
Project("{9A19103F-16F7-4668-BE54-9A1E7A4F7556}") = "EONET.Domain", "EONET.Domain\EONET.Domain.csproj", "{EB44F42F-EA39-43F5-93CA-A559976AFD9E}"
EndProject
Project("{9A19103F-16F7-4668-BE54-9A1E7A4F7556}") = "EONET.EntityFrameworkCore", "EONET.EntityFrameworkCore\EONET.EntityFrameworkCore.csproj", "{3D8F29C5-DB01-4E9F-8037-AD08468AA5B4}"
EndProject
Project("{9A19103F-16F7-4668-BE54-9A1E7A4F7556}") = "EONET.Application", "EONET.Application\EONET.Application.csproj", "{EF8709A3-957E-44CC-B063-7B799720DD1C}"
EndProject
Global
	GlobalSection(SolutionConfigurationPlatforms) = preSolution
		Debug|Any CPU = Debug|Any CPU
		Release|Any CPU = Release|Any CPU
	EndGlobalSection
	GlobalSection(ProjectConfigurationPlatforms) = postSolution
		{AC6F5DE0-7EC6-4FDF-AC51-D47564B41A23}.Debug|Any CPU.ActiveCfg = Debug|Any CPU
		{AC6F5DE0-7EC6-4FDF-AC51-D47564B41A23}.Debug|Any CPU.Build.0 = Debug|Any CPU
		{AC6F5DE0-7EC6-4FDF-AC51-D47564B41A23}.Release|Any CPU.ActiveCfg = Release|Any CPU
		{AC6F5DE0-7EC6-4FDF-AC51-D47564B41A23}.Release|Any CPU.Build.0 = Release|Any CPU
		{64CB8810-031C-4DE9-B866-D3D1EC4F0E0D}.Debug|Any CPU.ActiveCfg = Debug|Any CPU
		{64CB8810-031C-4DE9-B866-D3D1EC4F0E0D}.Debug|Any CPU.Build.0 = Debug|Any CPU
		{64CB8810-031C-4DE9-B866-D3D1EC4F0E0D}.Release|Any CPU.ActiveCfg = Release|Any CPU
		{64CB8810-031C-4DE9-B866-D3D1EC4F0E0D}.Release|Any CPU.Build.0 = Release|Any CPU
		{EB44F42F-EA39-43F5-93CA-A559976AFD9E}.Debug|Any CPU.ActiveCfg = Debug|Any CPU
		{EB44F42F-EA39-43F5-93CA-A559976AFD9E}.Debug|Any CPU.Build.0 = Debug|Any CPU
		{EB44F42F-EA39-43F5-93CA-A559976AFD9E}.Release|Any CPU.ActiveCfg = Release|Any CPU
		{EB44F42F-EA39-43F5-93CA-A559976AFD9E}.Release|Any CPU.Build.0 = Release|Any CPU
		{3D8F29C5-DB01-4E9F-8037-AD08468AA5B4}.Debug|Any CPU.ActiveCfg = Debug|Any CPU
		{3D8F29C5-DB01-4E9F-8037-AD08468AA5B4}.Debug|Any CPU.Build.0 = Debug|Any CPU
		{3D8F29C5-DB01-4E9F-8037-AD08468AA5B4}.Release|Any CPU.ActiveCfg = Release|Any CPU
		{3D8F29C5-DB01-4E9F-8037-AD08468AA5B4}.Release|Any CPU.Build.0 = Release|Any CPU
		{EF8709A3-957E-44CC-B063-7B799720DD1C}.Debug|Any CPU.ActiveCfg = Debug|Any CPU
		{EF8709A3-957E-44CC-B063-7B799720DD1C}.Debug|Any CPU.Build.0 = Debug|Any CPU
		{EF8709A3-957E-44CC-B063-7B799720DD1C}.Release|Any CPU.ActiveCfg = Release|Any CPU
		{EF8709A3-957E-44CC-B063-7B799720DD1C}.Release|Any CPU.Build.0 = Release|Any CPU
	EndGlobalSection
	GlobalSection(SolutionProperties) = preSolution
		HideSolutionNode = FALSE
	EndGlobalSection
	GlobalSection(NestedProjects) = preSolution
		{45B778C2-5547-4E1B-8D6A-5EB903D72DA7} = {B6402C0A-30B8-416B-AE9B-480CC49FF934}
		{197AA951-FA05-42B5-86DF-E141441B76D2} = {B6402C0A-30B8-416B-AE9B-480CC49FF934}
		{7641EB8A-488C-4B4A-9B0B-256BA3FFCE49} = {B6402C0A-30B8-416B-AE9B-480CC49FF934}
		{E447AEA0-B5CB-4177-A9D8-7BA12377971B} = {B6402C0A-30B8-416B-AE9B-480CC49FF934}
		{AC6F5DE0-7EC6-4FDF-AC51-D47564B41A23} = {45B778C2-5547-4E1B-8D6A-5EB903D72DA7}
		{64CB8810-031C-4DE9-B866-D3D1EC4F0E0D} = {45B778C2-5547-4E1B-8D6A-5EB903D72DA7}
		{EB44F42F-EA39-43F5-93CA-A559976AFD9E} = {197AA951-FA05-42B5-86DF-E141441B76D2}
		{3D8F29C5-DB01-4E9F-8037-AD08468AA5B4} = {E447AEA0-B5CB-4177-A9D8-7BA12377971B}
		{EF8709A3-957E-44CC-B063-7B799720DD1C} = {7641EB8A-488C-4B4A-9B0B-256BA3FFCE49}
	EndGlobalSection
	GlobalSection(ExtensibilityGlobals) = postSolution
		SolutionGuid = {DF7CC5DB-647F-4F81-96B0-2E4A05DE0AD7}
	EndGlobalSection
EndGlobal
